
Microsoft Visual Studio Solution File, Format Version 12.00
# Visual Studio Version 17
VisualStudioVersion = 17.2.32616.157
MinimumVisualStudioVersion = 10.0.40219.1
Project("{9A19103F-16F7-4668-BE54-9A1E7A4F7556}") = "Library", "Library\Library.csproj", "{CED7348B-F10F-420C-8556-1C102BB6C05E}"
EndProject
Project("{9A19103F-16F7-4668-BE54-9A1E7A4F7556}") = "UnitTests", "UnitTests\UnitTests.csproj", "{1CB64BA5-F17C-459F-AC1F-431454AA1397}"
EndProject
Global
	GlobalSection(SolutionConfigurationPlatforms) = preSolution
		Debug|Any CPU = Debug|Any CPU
		Release|Any CPU = Release|Any CPU
	EndGlobalSection
	GlobalSection(ProjectConfigurationPlatforms) = postSolution
		{CED7348B-F10F-420C-8556-1C102BB6C05E}.Debug|Any CPU.ActiveCfg = Debug|Any CPU
		{CED7348B-F10F-420C-8556-1C102BB6C05E}.Debug|Any CPU.Build.0 = Debug|Any CPU
		{CED7348B-F10F-420C-8556-1C102BB6C05E}.Release|Any CPU.ActiveCfg = Release|Any CPU
		{CED7348B-F10F-420C-8556-1C102BB6C05E}.Release|Any CPU.Build.0 = Release|Any CPU
		{1CB64BA5-F17C-459F-AC1F-431454AA1397}.Debug|Any CPU.ActiveCfg = Debug|Any CPU
		{1CB64BA5-F17C-459F-AC1F-431454AA1397}.Debug|Any CPU.Build.0 = Debug|Any CPU
		{1CB64BA5-F17C-459F-AC1F-431454AA1397}.Release|Any CPU.ActiveCfg = Release|Any CPU
		{1CB64BA5-F17C-459F-AC1F-431454AA1397}.Release|Any CPU.Build.0 = Release|Any CPU
	EndGlobalSection
	GlobalSection(SolutionProperties) = preSolution
		HideSolutionNode = FALSE
	EndGlobalSection
	GlobalSection(ExtensibilityGlobals) = postSolution
		SolutionGuid = {EC3F35B7-1622-4EED-BB21-85F9FA35ABC3}
	EndGlobalSection
EndGlobal
